{
  "name": "electron-updater-ts",
  "version": "0.0.1",
  "lockfileVersion": 1,
  "requires": true,
  "dependencies": {
    "@types/node": {
      "version": "10.10.1",
      "resolved": "https://registry.npmjs.org/@types/node/-/node-10.10.1.tgz",
      "integrity": "sha512-nzsx28VwfaIykfzMAG9TB3jxF5Nn+1/WMKnmVZc8TsB+LMIVvwUscVn7PAq+LFaY5ng5u4jp5mRROSswo76PPA==",
      "dev": true
    },
    "@types/semver": {
      "version": "5.5.0",
      "resolved": "http://registry.npm.taobao.org/@types/semver/download/@types/semver-5.5.0.tgz",
      "integrity": "sha1-FGwqKe59O65L8vyydGNuJkyBPEU=",
      "dev": true
    }
  }
}
